
Microsoft Visual Studio Solution File, Format Version 12.00
# Visual Studio Version 16
VisualStudioVersion = 16.0.31129.286
MinimumVisualStudioVersion = 10.0.40219.1
Project("{9A19103F-16F7-4668-BE54-9A1E7A4F7556}") = "WebApp", "src\WebApp\WebApp.csproj", "{FA24E932-01EC-4E5F-BA87-A6FEBE9D70A0}"
EndProject
Project("{9A19103F-16F7-4668-BE54-9A1E7A4F7556}") = "Spotify", "src\Spotify\Spotify.csproj", "{C7A71F8C-9147-4123-ADE1-70ECAAAF198C}"
EndProject
Project("{2150E333-8FDC-42A3-9474-1A3956D46DE8}") = "Solution Items", "Solution Items", "{48AA3D10-8A35-4C03-ADB2-016F82A05353}"
	ProjectSection(SolutionItems) = preProject
		README.md = README.md
	EndProjectSection
EndProject
Global
	GlobalSection(SolutionConfigurationPlatforms) = preSolution
		Debug|Any CPU = Debug|Any CPU
		Release|Any CPU = Release|Any CPU
	EndGlobalSection
	GlobalSection(ProjectConfigurationPlatforms) = postSolution
		{FA24E932-01EC-4E5F-BA87-A6FEBE9D70A0}.Debug|Any CPU.ActiveCfg = Debug|Any CPU
		{FA24E932-01EC-4E5F-BA87-A6FEBE9D70A0}.Debug|Any CPU.Build.0 = Debug|Any CPU
		{FA24E932-01EC-4E5F-BA87-A6FEBE9D70A0}.Release|Any CPU.ActiveCfg = Release|Any CPU
		{FA24E932-01EC-4E5F-BA87-A6FEBE9D70A0}.Release|Any CPU.Build.0 = Release|Any CPU
		{C7A71F8C-9147-4123-ADE1-70ECAAAF198C}.Debug|Any CPU.ActiveCfg = Debug|Any CPU
		{C7A71F8C-9147-4123-ADE1-70ECAAAF198C}.Debug|Any CPU.Build.0 = Debug|Any CPU
		{C7A71F8C-9147-4123-ADE1-70ECAAAF198C}.Release|Any CPU.ActiveCfg = Release|Any CPU
		{C7A71F8C-9147-4123-ADE1-70ECAAAF198C}.Release|Any CPU.Build.0 = Release|Any CPU
	EndGlobalSection
	GlobalSection(SolutionProperties) = preSolution
		HideSolutionNode = FALSE
	EndGlobalSection
	GlobalSection(ExtensibilityGlobals) = postSolution
		SolutionGuid = {497A695B-CCA9-405A-92DA-85701D288C9C}
	EndGlobalSection
EndGlobal
